<?xml version="1.0" encoding="utf-8"?>
<Project ToolsVersion="4.0" xmlns="http://schemas.microsoft.com/developer/msbuild/2003">
  <ItemGroup>
    <Filter Include="File di origine">
      <UniqueIdentifier>{4FC737F1-C7A5-4376-A066-2A32D752A2FF}</UniqueIdentifier>
      <Extensions>cpp;c;cc;cxx;def;odl;idl;hpj;bat;asm;asmx</Extensions>
    </Filter>
    <Filter Include="File di intestazione">
      <UniqueIdentifier>{93995380-89BD-4b04-88EB-625FBE52EBFB}</UniqueIdentifier>
      <Extensions>h;hh;hpp;hxx;hm;inl;inc;ipp;xsd</Extensions>
    </Filter>
    <Filter Include="File di risorse">
      <UniqueIdentifier>{67DA6AB6-F800-4c08-8B7A-83BB121AAD01}</UniqueIdentifier>
      <Extensions>rc;ico;cur;bmp;dlg;rc2;rct;bin;rgs;gif;jpg;jpeg;jpe;resx;tiff;tif;png;wav;mfcribbon-ms</Extensions>
    </Filter>
  </ItemGroup>
  <ItemGroup>
    <ClCompile Include="glad.c">
      <Filter>File di origine</Filter>
    </ClCompile>
    <ClCompile Include="Main.cpp">
      <Filter>File di origine</Filter>
    </ClCompile>
    <ClCompile Include="stb_image.cpp">
      <Filter>File di origine</Filter>
    </ClCompile>
    <ClCompile Include="stb_image_write.cpp">
      <Filter>File di origine</Filter>
    </ClCompile>
  </ItemGroup>
  <ItemGroup>
    <ClInclude Include="TessShader.h">
      <Filter>File di intestazione</Filter>
    </ClInclude>
    <ClInclude Include="Include\mesh.h">
      <Filter>File di intestazione</Filter>
    </ClInclude>
    <ClInclude Include="Include\model.h">
      <Filter>File di intestazione</Filter>
    </ClInclude>
    <ClInclude Include="Include\shaderUtils.h">
      <Filter>File di intestazione</Filter>
    </ClInclude>
    <ClInclude Include="Include\camera.h">
      <Filter>File di intestazione</Filter>
    </ClInclude>
    <ClInclude Include="texture.h">
      <Filter>File di intestazione</Filter>
    </ClInclude>
  </ItemGroup>
  <ItemGroup>
    <None Include="shaders\lightFragmentShader.frag">
      <Filter>File di risorse</Filter>
    </None>
    <None Include="shaders\lightVertexShader.vert">
      <Filter>File di risorse</Filter>
    </None>
    <None Include="shaders\tessControlShader.tcs">
      <Filter>File di risorse</Filter>
    </None>
    <None Include="shaders\tessEvaluationShader.tes">
      <Filter>File di risorse</Filter>
    </None>
    <None Include="shaders\tessVertexShader.vert">
      <Filter>File di risorse</Filter>
    </None>
    <None Include="shaders\skyboxFrag.frag">
      <Filter>File di risorse</Filter>
    </None>
    <None Include="shaders\skyboxVert.vert">
      <Filter>File di risorse</Filter>
    </None>
    <None Include="shaders\tessFragmentShader.frag">
      <Filter>File di risorse</Filter>
    </None>
  </ItemGroup>
</Project>